<Solution>
  <Folder Name="/src/">
    <Project Path="src/Orion.AI/Orion.AI.csproj" />
    <Project Path="src/Orion.Application/Orion.Application.csproj" />
    <Project Path="src/Orion.Automation/Orion.Automation.csproj" />
    <Project Path="src/Orion.Configuration/Orion.Configuration.csproj" />
    <Project Path="src/Orion.Domain/Orion.Domain.csproj" />
    <Project Path="src/Orion.Infrastructure/Orion.Infrastructure.csproj" />
    <Project Path="src/Orion.Installer/Orion.Installer.csproj" />
    <Project Path="src/Orion.Memory/Orion.Memory.csproj" />
    <Project Path="src/Orion.Plugins/Orion.Plugins.csproj" />
    <Project Path="src/Orion.Presentation/Orion.Presentation.csproj">
      <Platform Project="x64" />
    </Project>
    <Project Path="src/Orion.Shared/Orion.Shared.csproj" />
    <Project Path="src/Orion.Voice/Orion.Voice.csproj" />
    <Project Path="src/Orion.Windows/Orion.Windows.csproj" />
  </Folder>
  <Folder Name="/tests/">
    <Project Path="tests/Orion.Tests/Orion.Tests.csproj" />
  </Folder>
</Solution>
